
Microsoft Visual Studio Solution File, Format Version 12.00
# Visual Studio Version 16
VisualStudioVersion = 16.0.808.6
MinimumVisualStudioVersion = 10.0.40219.1
Project("{FAE04EC0-301F-11D3-BF4B-00C04F79EFBC}") = "OyunHw_5", "OyunHw_5\OyunHw_5.csproj", "{2AE332F5-9AF8-4DE4-9F0E-247A6AB881D8}"
EndProject
Global
	GlobalSection(SolutionConfigurationPlatforms) = preSolution
		Debug|Any CPU = Debug|Any CPU
		Release|Any CPU = Release|Any CPU
	EndGlobalSection
	GlobalSection(ProjectConfigurationPlatforms) = postSolution
		{2AE332F5-9AF8-4DE4-9F0E-247A6AB881D8}.Debug|Any CPU.ActiveCfg = Debug|Any CPU
		{2AE332F5-9AF8-4DE4-9F0E-247A6AB881D8}.Debug|Any CPU.Build.0 = Debug|Any CPU
		{2AE332F5-9AF8-4DE4-9F0E-247A6AB881D8}.Release|Any CPU.ActiveCfg = Release|Any CPU
		{2AE332F5-9AF8-4DE4-9F0E-247A6AB881D8}.Release|Any CPU.Build.0 = Release|Any CPU
	EndGlobalSection
	GlobalSection(SolutionProperties) = preSolution
		HideSolutionNode = FALSE
	EndGlobalSection
	GlobalSection(ExtensibilityGlobals) = postSolution
		SolutionGuid = {1B6512FA-6E8F-4C4D-991B-BFA9F1FAFF91}
	EndGlobalSection
EndGlobal
